
Microsoft Visual Studio Solution File, Format Version 12.00
# Visual Studio 15
VisualStudioVersion = 15.0.28307.572
MinimumVisualStudioVersion = 10.0.40219.1
Project("{FAE04EC0-301F-11D3-BF4B-00C04F79EFBC}") = "ScheduleXamarin.Android", "ScheduleXamarin\ScheduleXamarin.Android\ScheduleXamarin.Android.csproj", "{B043F72E-B9FB-4258-8E87-0343905BE075}"
EndProject
Project("{FAE04EC0-301F-11D3-BF4B-00C04F79EFBC}") = "ScheduleXamarin.iOS", "ScheduleXamarin\ScheduleXamarin.iOS\ScheduleXamarin.iOS.csproj", "{B7804B7E-4803-46E6-A5F0-0AE8CC920F5E}"
EndProject
Project("{FAE04EC0-301F-11D3-BF4B-00C04F79EFBC}") = "ScheduleXamarin.UWP", "ScheduleXamarin\ScheduleXamarin.UWP\ScheduleXamarin.UWP.csproj", "{01E936A9-17A4-472C-90B7-897D3BFA54EA}"
EndProject
Project("{FAE04EC0-301F-11D3-BF4B-00C04F79EFBC}") = "ScheduleXamarin", "ScheduleXamarin\ScheduleXamarin\ScheduleXamarin.csproj", "{CEEDF3DA-4DEF-4F52-BA4E-A6B7C0F077B7}"
EndProject
Global
	GlobalSection(SolutionConfigurationPlatforms) = preSolution
		Ad-Hoc|Any CPU = Ad-Hoc|Any CPU
		Ad-Hoc|ARM = Ad-Hoc|ARM
		Ad-Hoc|iPhone = Ad-Hoc|iPhone
		Ad-Hoc|iPhoneSimulator = Ad-Hoc|iPhoneSimulator
		Ad-Hoc|x64 = Ad-Hoc|x64
		Ad-Hoc|x86 = Ad-Hoc|x86
		AppStore|Any CPU = AppStore|Any CPU
		AppStore|ARM = AppStore|ARM
		AppStore|iPhone = AppStore|iPhone
		AppStore|iPhoneSimulator = AppStore|iPhoneSimulator
		AppStore|x64 = AppStore|x64
		AppStore|x86 = AppStore|x86
		Debug|Any CPU = Debug|Any CPU
		Debug|ARM = Debug|ARM
		Debug|iPhone = Debug|iPhone
		Debug|iPhoneSimulator = Debug|iPhoneSimulator
		Debug|x64 = Debug|x64
		Debug|x86 = Debug|x86
		Release|Any CPU = Release|Any CPU
		Release|ARM = Release|ARM
		Release|iPhone = Release|iPhone
		Release|iPhoneSimulator = Release|iPhoneSimulator
		Release|x64 = Release|x64
		Release|x86 = Release|x86
	EndGlobalSection
	GlobalSection(ProjectConfigurationPlatforms) = postSolution
		{B043F72E-B9FB-4258-8E87-0343905BE075}.Ad-Hoc|Any CPU.ActiveCfg = Release|Any CPU
		{B043F72E-B9FB-4258-8E87-0343905BE075}.Ad-Hoc|Any CPU.Build.0 = Release|Any CPU
		{B043F72E-B9FB-4258-8E87-0343905BE075}.Ad-Hoc|Any CPU.Deploy.0 = Release|Any CPU
		{B043F72E-B9FB-4258-8E87-0343905BE075}.Ad-Hoc|ARM.ActiveCfg = Release|Any CPU
		{B043F72E-B9FB-4258-8E87-0343905BE075}.Ad-Hoc|ARM.Build.0 = Release|Any CPU
		{B043F72E-B9FB-4258-8E87-0343905BE075}.Ad-Hoc|ARM.Deploy.0 = Release|Any CPU
		{B043F72E-B9FB-4258-8E87-0343905BE075}.Ad-Hoc|iPhone.ActiveCfg = Release|Any CPU
		{B043F72E-B9FB-4258-8E87-0343905BE075}.Ad-Hoc|iPhone.Build.0 = Release|Any CPU
		{B043F72E-B9FB-4258-8E87-0343905BE075}.Ad-Hoc|iPhone.Deploy.0 = Release|Any CPU
		{B043F72E-B9FB-4258-8E87-0343905BE075}.Ad-Hoc|iPhoneSimulator.ActiveCfg = Release|Any CPU
		{B043F72E-B9FB-4258-8E87-0343905BE075}.Ad-Hoc|iPhoneSimulator.Build.0 = Release|Any CPU
		{B043F72E-B9FB-4258-8E87-0343905BE075}.Ad-Hoc|iPhoneSimulator.Deploy.0 = Release|Any CPU
		{B043F72E-B9FB-4258-8E87-0343905BE075}.Ad-Hoc|x64.ActiveCfg = Release|Any CPU
		{B043F72E-B9FB-4258-8E87-0343905BE075}.Ad-Hoc|x64.Build.0 = Release|Any CPU
		{B043F72E-B9FB-4258-8E87-0343905BE075}.Ad-Hoc|x64.Deploy.0 = Release|Any CPU
		{B043F72E-B9FB-4258-8E87-0343905BE075}.Ad-Hoc|x86.ActiveCfg = Release|Any CPU
		{B043F72E-B9FB-4258-8E87-0343905BE075}.Ad-Hoc|x86.Build.0 = Release|Any CPU
		{B043F72E-B9FB-4258-8E87-0343905BE075}.Ad-Hoc|x86.Deploy.0 = Release|Any CPU
		{B043F72E-B9FB-4258-8E87-0343905BE075}.AppStore|Any CPU.ActiveCfg = Release|Any CPU
		{B043F72E-B9FB-4258-8E87-0343905BE075}.AppStore|Any CPU.Build.0 = Release|Any CPU
		{B043F72E-B9FB-4258-8E87-0343905BE075}.AppStore|Any CPU.Deploy.0 = Release|Any CPU
		{B043F72E-B9FB-4258-8E87-0343905BE075}.AppStore|ARM.ActiveCfg = Release|Any CPU
		{B043F72E-B9FB-4258-8E87-0343905BE075}.AppStore|ARM.Build.0 = Release|Any CPU
		{B043F72E-B9FB-4258-8E87-0343905BE075}.AppStore|ARM.Deploy.0 = Release|Any CPU
		{B043F72E-B9FB-4258-8E87-0343905BE075}.AppStore|iPhone.ActiveCfg = Release|Any CPU
		{B043F72E-B9FB-4258-8E87-0343905BE075}.AppStore|iPhone.Build.0 = Release|Any CPU
		{B043F72E-B9FB-4258-8E87-0343905BE075}.AppStore|iPhone.Deploy.0 = Release|Any CPU
		{B043F72E-B9FB-4258-8E87-0343905BE075}.AppStore|iPhoneSimulator.ActiveCfg = Release|Any CPU
		{B043F72E-B9FB-4258-8E87-0343905BE075}.AppStore|iPhoneSimulator.Build.0 = Release|Any CPU
		{B043F72E-B9FB-4258-8E87-0343905BE075}.AppStore|iPhoneSimulator.Deploy.0 = Release|Any CPU
		{B043F72E-B9FB-4258-8E87-0343905BE075}.AppStore|x64.ActiveCfg = Release|Any CPU
		{B043F72E-B9FB-4258-8E87-0343905BE075}.AppStore|x64.Build.0 = Release|Any CPU
		{B043F72E-B9FB-4258-8E87-0343905BE075}.AppStore|x64.Deploy.0 = Release|Any CPU
		{B043F72E-B9FB-4258-8E87-0343905BE075}.AppStore|x86.ActiveCfg = Release|Any CPU
		{B043F72E-B9FB-4258-8E87-0343905BE075}.AppStore|x86.Build.0 = Release|Any CPU
		{B043F72E-B9FB-4258-8E87-0343905BE075}.AppStore|x86.Deploy.0 = Release|Any CPU
		{B043F72E-B9FB-4258-8E87-0343905BE075}.Debug|Any CPU.ActiveCfg = Debug|Any CPU
		{B043F72E-B9FB-4258-8E87-0343905BE075}.Debug|Any CPU.Build.0 = Debug|Any CPU
		{B043F72E-B9FB-4258-8E87-0343905BE075}.Debug|Any CPU.Deploy.0 = Debug|Any CPU
		{B043F72E-B9FB-4258-8E87-0343905BE075}.Debug|ARM.ActiveCfg = Debug|Any CPU
		{B043F72E-B9FB-4258-8E87-0343905BE075}.Debug|ARM.Build.0 = Debug|Any CPU
		{B043F72E-B9FB-4258-8E87-0343905BE075}.Debug|ARM.Deploy.0 = Debug|Any CPU
		{B043F72E-B9FB-4258-8E87-0343905BE075}.Debug|iPhone.ActiveCfg = Debug|Any CPU
		{B043F72E-B9FB-4258-8E87-0343905BE075}.Debug|iPhone.Build.0 = Debug|Any CPU
		{B043F72E-B9FB-4258-8E87-0343905BE075}.Debug|iPhone.Deploy.0 = Debug|Any CPU
		{B043F72E-B9FB-4258-8E87-0343905BE075}.Debug|iPhoneSimulator.ActiveCfg = Debug|Any CPU
		{B043F72E-B9FB-4258-8E87-0343905BE075}.Debug|iPhoneSimulator.Build.0 = Debug|Any CPU
		{B043F72E-B9FB-4258-8E87-0343905BE075}.Debug|iPhoneSimulator.Deploy.0 = Debug|Any CPU
		{B043F72E-B9FB-4258-8E87-0343905BE075}.Debug|x64.ActiveCfg = Debug|Any CPU
		{B043F72E-B9FB-4258-8E87-0343905BE075}.Debug|x64.Build.0 = Debug|Any CPU
		{B043F72E-B9FB-4258-8E87-0343905BE075}.Debug|x64.Deploy.0 = Debug|Any CPU
		{B043F72E-B9FB-4258-8E87-0343905BE075}.Debug|x86.ActiveCfg = Debug|Any CPU
		{B043F72E-B9FB-4258-8E87-0343905BE075}.Debug|x86.Build.0 = Debug|Any CPU
		{B043F72E-B9FB-4258-8E87-0343905BE075}.Debug|x86.Deploy.0 = Debug|Any CPU
		{B043F72E-B9FB-4258-8E87-0343905BE075}.Release|Any CPU.ActiveCfg = Release|Any CPU
		{B043F72E-B9FB-4258-8E87-0343905BE075}.Release|Any CPU.Build.0 = Release|Any CPU
		{B043F72E-B9FB-4258-8E87-0343905BE075}.Release|Any CPU.Deploy.0 = Release|Any CPU
		{B043F72E-B9FB-4258-8E87-0343905BE075}.Release|ARM.ActiveCfg = Release|Any CPU
		{B043F72E-B9FB-4258-8E87-0343905BE075}.Release|ARM.Build.0 = Release|Any CPU
		{B043F72E-B9FB-4258-8E87-0343905BE075}.Release|ARM.Deploy.0 = Release|Any CPU
		{B043F72E-B9FB-4258-8E87-0343905BE075}.Release|iPhone.ActiveCfg = Release|Any CPU
		{B043F72E-B9FB-4258-8E87-0343905BE075}.Release|iPhone.Build.0 = Release|Any CPU
		{B043F72E-B9FB-4258-8E87-0343905BE075}.Release|iPhone.Deploy.0 = Release|Any CPU
		{B043F72E-B9FB-4258-8E87-0343905BE075}.Release|iPhoneSimulator.ActiveCfg = Release|Any CPU
		{B043F72E-B9FB-4258-8E87-0343905BE075}.Release|iPhoneSimulator.Build.0 = Release|Any CPU
		{B043F72E-B9FB-4258-8E87-0343905BE075}.Release|iPhoneSimulator.Deploy.0 = Release|Any CPU
		{B043F72E-B9FB-4258-8E87-0343905BE075}.Release|x64.ActiveCfg = Release|Any CPU
		{B043F72E-B9FB-4258-8E87-0343905BE075}.Release|x64.Build.0 = Release|Any CPU
		{B043F72E-B9FB-4258-8E87-0343905BE075}.Release|x64.Deploy.0 = Release|Any CPU
		{B043F72E-B9FB-4258-8E87-0343905BE075}.Release|x86.ActiveCfg = Release|Any CPU
		{B043F72E-B9FB-4258-8E87-0343905BE075}.Release|x86.Build.0 = Release|Any CPU
		{B043F72E-B9FB-4258-8E87-0343905BE075}.Release|x86.Deploy.0 = Release|Any CPU
		{B7804B7E-4803-46E6-A5F0-0AE8CC920F5E}.Ad-Hoc|Any CPU.ActiveCfg = Ad-Hoc|iPhone
		{B7804B7E-4803-46E6-A5F0-0AE8CC920F5E}.Ad-Hoc|Any CPU.Build.0 = Ad-Hoc|iPhone
		{B7804B7E-4803-46E6-A5F0-0AE8CC920F5E}.Ad-Hoc|Any CPU.Deploy.0 = Ad-Hoc|iPhone
		{B7804B7E-4803-46E6-A5F0-0AE8CC920F5E}.Ad-Hoc|ARM.ActiveCfg = Ad-Hoc|iPhone
		{B7804B7E-4803-46E6-A5F0-0AE8CC920F5E}.Ad-Hoc|ARM.Build.0 = Ad-Hoc|iPhone
		{B7804B7E-4803-46E6-A5F0-0AE8CC920F5E}.Ad-Hoc|ARM.Deploy.0 = Ad-Hoc|iPhone
		{B7804B7E-4803-46E6-A5F0-0AE8CC920F5E}.Ad-Hoc|iPhone.ActiveCfg = Ad-Hoc|iPhone
		{B7804B7E-4803-46E6-A5F0-0AE8CC920F5E}.Ad-Hoc|iPhone.Build.0 = Ad-Hoc|iPhone
		{B7804B7E-4803-46E6-A5F0-0AE8CC920F5E}.Ad-Hoc|iPhone.Deploy.0 = Ad-Hoc|iPhone
		{B7804B7E-4803-46E6-A5F0-0AE8CC920F5E}.Ad-Hoc|iPhoneSimulator.ActiveCfg = Ad-Hoc|iPhoneSimulator
		{B7804B7E-4803-46E6-A5F0-0AE8CC920F5E}.Ad-Hoc|iPhoneSimulator.Build.0 = Ad-Hoc|iPhoneSimulator
		{B7804B7E-4803-46E6-A5F0-0AE8CC920F5E}.Ad-Hoc|iPhoneSimulator.Deploy.0 = Ad-Hoc|iPhoneSimulator
		{B7804B7E-4803-46E6-A5F0-0AE8CC920F5E}.Ad-Hoc|x64.ActiveCfg = Ad-Hoc|iPhone
		{B7804B7E-4803-46E6-A5F0-0AE8CC920F5E}.Ad-Hoc|x64.Build.0 = Ad-Hoc|iPhone
		{B7804B7E-4803-46E6-A5F0-0AE8CC920F5E}.Ad-Hoc|x64.Deploy.0 = Ad-Hoc|iPhone
		{B7804B7E-4803-46E6-A5F0-0AE8CC920F5E}.Ad-Hoc|x86.ActiveCfg = Ad-Hoc|iPhone
		{B7804B7E-4803-46E6-A5F0-0AE8CC920F5E}.Ad-Hoc|x86.Build.0 = Ad-Hoc|iPhone
		{B7804B7E-4803-46E6-A5F0-0AE8CC920F5E}.Ad-Hoc|x86.Deploy.0 = Ad-Hoc|iPhone
		{B7804B7E-4803-46E6-A5F0-0AE8CC920F5E}.AppStore|Any CPU.ActiveCfg = AppStore|iPhone
		{B7804B7E-4803-46E6-A5F0-0AE8CC920F5E}.AppStore|Any CPU.Build.0 = AppStore|iPhone
		{B7804B7E-4803-46E6-A5F0-0AE8CC920F5E}.AppStore|Any CPU.Deploy.0 = AppStore|iPhone
		{B7804B7E-4803-46E6-A5F0-0AE8CC920F5E}.AppStore|ARM.ActiveCfg = AppStore|iPhone
		{B7804B7E-4803-46E6-A5F0-0AE8CC920F5E}.AppStore|ARM.Build.0 = AppStore|iPhone
		{B7804B7E-4803-46E6-A5F0-0AE8CC920F5E}.AppStore|ARM.Deploy.0 = AppStore|iPhone
		{B7804B7E-4803-46E6-A5F0-0AE8CC920F5E}.AppStore|iPhone.ActiveCfg = AppStore|iPhone
		{B7804B7E-4803-46E6-A5F0-0AE8CC920F5E}.AppStore|iPhone.Build.0 = AppStore|iPhone
		{B7804B7E-4803-46E6-A5F0-0AE8CC920F5E}.AppStore|iPhone.Deploy.0 = AppStore|iPhone
		{B7804B7E-4803-46E6-A5F0-0AE8CC920F5E}.AppStore|iPhoneSimulator.ActiveCfg = AppStore|iPhoneSimulator
		{B7804B7E-4803-46E6-A5F0-0AE8CC920F5E}.AppStore|iPhoneSimulator.Build.0 = AppStore|iPhoneSimulator
		{B7804B7E-4803-46E6-A5F0-0AE8CC920F5E}.AppStore|iPhoneSimulator.Deploy.0 = AppStore|iPhoneSimulator
		{B7804B7E-4803-46E6-A5F0-0AE8CC920F5E}.AppStore|x64.ActiveCfg = AppStore|iPhone
		{B7804B7E-4803-46E6-A5F0-0AE8CC920F5E}.AppStore|x64.Build.0 = AppStore|iPhone
		{B7804B7E-4803-46E6-A5F0-0AE8CC920F5E}.AppStore|x64.Deploy.0 = AppStore|iPhone
		{B7804B7E-4803-46E6-A5F0-0AE8CC920F5E}.AppStore|x86.ActiveCfg = AppStore|iPhone
		{B7804B7E-4803-46E6-A5F0-0AE8CC920F5E}.AppStore|x86.Build.0 = AppStore|iPhone
		{B7804B7E-4803-46E6-A5F0-0AE8CC920F5E}.AppStore|x86.Deploy.0 = AppStore|iPhone
		{B7804B7E-4803-46E6-A5F0-0AE8CC920F5E}.Debug|Any CPU.ActiveCfg = Debug|iPhoneSimulator
		{B7804B7E-4803-46E6-A5F0-0AE8CC920F5E}.Debug|Any CPU.Build.0 = Debug|iPhoneSimulator
		{B7804B7E-4803-46E6-A5F0-0AE8CC920F5E}.Debug|Any CPU.Deploy.0 = Debug|iPhoneSimulator
		{B7804B7E-4803-46E6-A5F0-0AE8CC920F5E}.Debug|ARM.ActiveCfg = Debug|iPhone
		{B7804B7E-4803-46E6-A5F0-0AE8CC920F5E}.Debug|ARM.Build.0 = Debug|iPhone
		{B7804B7E-4803-46E6-A5F0-0AE8CC920F5E}.Debug|ARM.Deploy.0 = Debug|iPhone
		{B7804B7E-4803-46E6-A5F0-0AE8CC920F5E}.Debug|iPhone.ActiveCfg = Debug|iPhone
		{B7804B7E-4803-46E6-A5F0-0AE8CC920F5E}.Debug|iPhone.Build.0 = Debug|iPhone
		{B7804B7E-4803-46E6-A5F0-0AE8CC920F5E}.Debug|iPhone.Deploy.0 = Debug|iPhone
		{B7804B7E-4803-46E6-A5F0-0AE8CC920F5E}.Debug|iPhoneSimulator.ActiveCfg = Debug|iPhoneSimulator
		{B7804B7E-4803-46E6-A5F0-0AE8CC920F5E}.Debug|iPhoneSimulator.Build.0 = Debug|iPhoneSimulator
		{B7804B7E-4803-46E6-A5F0-0AE8CC920F5E}.Debug|iPhoneSimulator.Deploy.0 = Debug|iPhoneSimulator
		{B7804B7E-4803-46E6-A5F0-0AE8CC920F5E}.Debug|x64.ActiveCfg = Debug|iPhone
		{B7804B7E-4803-46E6-A5F0-0AE8CC920F5E}.Debug|x64.Build.0 = Debug|iPhone
		{B7804B7E-4803-46E6-A5F0-0AE8CC920F5E}.Debug|x64.Deploy.0 = Debug|iPhone
		{B7804B7E-4803-46E6-A5F0-0AE8CC920F5E}.Debug|x86.ActiveCfg = Debug|iPhone
		{B7804B7E-4803-46E6-A5F0-0AE8CC920F5E}.Debug|x86.Build.0 = Debug|iPhone
		{B7804B7E-4803-46E6-A5F0-0AE8CC920F5E}.Debug|x86.Deploy.0 = Debug|iPhone
		{B7804B7E-4803-46E6-A5F0-0AE8CC920F5E}.Release|Any CPU.ActiveCfg = Release|iPhone
		{B7804B7E-4803-46E6-A5F0-0AE8CC920F5E}.Release|Any CPU.Build.0 = Release|iPhone
		{B7804B7E-4803-46E6-A5F0-0AE8CC920F5E}.Release|Any CPU.Deploy.0 = Release|iPhone
		{B7804B7E-4803-46E6-A5F0-0AE8CC920F5E}.Release|ARM.ActiveCfg = Release|iPhone
		{B7804B7E-4803-46E6-A5F0-0AE8CC920F5E}.Release|ARM.Build.0 = Release|iPhone
		{B7804B7E-4803-46E6-A5F0-0AE8CC920F5E}.Release|ARM.Deploy.0 = Release|iPhone
		{B7804B7E-4803-46E6-A5F0-0AE8CC920F5E}.Release|iPhone.ActiveCfg = Release|iPhone
		{B7804B7E-4803-46E6-A5F0-0AE8CC920F5E}.Release|iPhone.Build.0 = Release|iPhone
		{B7804B7E-4803-46E6-A5F0-0AE8CC920F5E}.Release|iPhone.Deploy.0 = Release|iPhone
		{B7804B7E-4803-46E6-A5F0-0AE8CC920F5E}.Release|iPhoneSimulator.ActiveCfg = Release|iPhoneSimulator
		{B7804B7E-4803-46E6-A5F0-0AE8CC920F5E}.Release|iPhoneSimulator.Build.0 = Release|iPhoneSimulator
		{B7804B7E-4803-46E6-A5F0-0AE8CC920F5E}.Release|iPhoneSimulator.Deploy.0 = Release|iPhoneSimulator
		{B7804B7E-4803-46E6-A5F0-0AE8CC920F5E}.Release|x64.ActiveCfg = Release|iPhone
		{B7804B7E-4803-46E6-A5F0-0AE8CC920F5E}.Release|x64.Build.0 = Release|iPhone
		{B7804B7E-4803-46E6-A5F0-0AE8CC920F5E}.Release|x64.Deploy.0 = Release|iPhone
		{B7804B7E-4803-46E6-A5F0-0AE8CC920F5E}.Release|x86.ActiveCfg = Release|iPhone
		{B7804B7E-4803-46E6-A5F0-0AE8CC920F5E}.Release|x86.Build.0 = Release|iPhone
		{B7804B7E-4803-46E6-A5F0-0AE8CC920F5E}.Release|x86.Deploy.0 = Release|iPhone
		{01E936A9-17A4-472C-90B7-897D3BFA54EA}.Ad-Hoc|Any CPU.ActiveCfg = Release|x86
		{01E936A9-17A4-472C-90B7-897D3BFA54EA}.Ad-Hoc|Any CPU.Build.0 = Release|x86
		{01E936A9-17A4-472C-90B7-897D3BFA54EA}.Ad-Hoc|Any CPU.Deploy.0 = Release|x86
		{01E936A9-17A4-472C-90B7-897D3BFA54EA}.Ad-Hoc|ARM.ActiveCfg = Release|ARM
		{01E936A9-17A4-472C-90B7-897D3BFA54EA}.Ad-Hoc|ARM.Build.0 = Release|ARM
		{01E936A9-17A4-472C-90B7-897D3BFA54EA}.Ad-Hoc|ARM.Deploy.0 = Release|ARM
		{01E936A9-17A4-472C-90B7-897D3BFA54EA}.Ad-Hoc|iPhone.ActiveCfg = Release|x86
		{01E936A9-17A4-472C-90B7-897D3BFA54EA}.Ad-Hoc|iPhone.Build.0 = Release|x86
		{01E936A9-17A4-472C-90B7-897D3BFA54EA}.Ad-Hoc|iPhone.Deploy.0 = Release|x86
		{01E936A9-17A4-472C-90B7-897D3BFA54EA}.Ad-Hoc|iPhoneSimulator.ActiveCfg = Release|x86
		{01E936A9-17A4-472C-90B7-897D3BFA54EA}.Ad-Hoc|iPhoneSimulator.Build.0 = Release|x86
		{01E936A9-17A4-472C-90B7-897D3BFA54EA}.Ad-Hoc|iPhoneSimulator.Deploy.0 = Release|x86
		{01E936A9-17A4-472C-90B7-897D3BFA54EA}.Ad-Hoc|x64.ActiveCfg = Release|x64
		{01E936A9-17A4-472C-90B7-897D3BFA54EA}.Ad-Hoc|x64.Build.0 = Release|x64
		{01E936A9-17A4-472C-90B7-897D3BFA54EA}.Ad-Hoc|x64.Deploy.0 = Release|x64
		{01E936A9-17A4-472C-90B7-897D3BFA54EA}.Ad-Hoc|x86.ActiveCfg = Release|x86
		{01E936A9-17A4-472C-90B7-897D3BFA54EA}.Ad-Hoc|x86.Build.0 = Release|x86
		{01E936A9-17A4-472C-90B7-897D3BFA54EA}.Ad-Hoc|x86.Deploy.0 = Release|x86
		{01E936A9-17A4-472C-90B7-897D3BFA54EA}.AppStore|Any CPU.ActiveCfg = Release|x86
		{01E936A9-17A4-472C-90B7-897D3BFA54EA}.AppStore|Any CPU.Build.0 = Release|x86
		{01E936A9-17A4-472C-90B7-897D3BFA54EA}.AppStore|Any CPU.Deploy.0 = Release|x86
		{01E936A9-17A4-472C-90B7-897D3BFA54EA}.AppStore|ARM.ActiveCfg = Release|ARM
		{01E936A9-17A4-472C-90B7-897D3BFA54EA}.AppStore|ARM.Build.0 = Release|ARM
		{01E936A9-17A4-472C-90B7-897D3BFA54EA}.AppStore|ARM.Deploy.0 = Release|ARM
		{01E936A9-17A4-472C-90B7-897D3BFA54EA}.AppStore|iPhone.ActiveCfg = Release|x86
		{01E936A9-17A4-472C-90B7-897D3BFA54EA}.AppStore|iPhone.Build.0 = Release|x86
		{01E936A9-17A4-472C-90B7-897D3BFA54EA}.AppStore|iPhone.Deploy.0 = Release|x86
		{01E936A9-17A4-472C-90B7-897D3BFA54EA}.AppStore|iPhoneSimulator.ActiveCfg = Release|x86
		{01E936A9-17A4-472C-90B7-897D3BFA54EA}.AppStore|iPhoneSimulator.Build.0 = Release|x86
		{01E936A9-17A4-472C-90B7-897D3BFA54EA}.AppStore|iPhoneSimulator.Deploy.0 = Release|x86
		{01E936A9-17A4-472C-90B7-897D3BFA54EA}.AppStore|x64.ActiveCfg = Release|x64
		{01E936A9-17A4-472C-90B7-897D3BFA54EA}.AppStore|x64.Build.0 = Release|x64
		{01E936A9-17A4-472C-90B7-897D3BFA54EA}.AppStore|x64.Deploy.0 = Release|x64
		{01E936A9-17A4-472C-90B7-897D3BFA54EA}.AppStore|x86.ActiveCfg = Release|x86
		{01E936A9-17A4-472C-90B7-897D3BFA54EA}.AppStore|x86.Build.0 = Release|x86
		{01E936A9-17A4-472C-90B7-897D3BFA54EA}.AppStore|x86.Deploy.0 = Release|x86
		{01E936A9-17A4-472C-90B7-897D3BFA54EA}.Debug|Any CPU.ActiveCfg = Debug|x86
		{01E936A9-17A4-472C-90B7-897D3BFA54EA}.Debug|Any CPU.Build.0 = Debug|x86
		{01E936A9-17A4-472C-90B7-897D3BFA54EA}.Debug|Any CPU.Deploy.0 = Debug|x86
		{01E936A9-17A4-472C-90B7-897D3BFA54EA}.Debug|ARM.ActiveCfg = Debug|ARM
		{01E936A9-17A4-472C-90B7-897D3BFA54EA}.Debug|ARM.Build.0 = Debug|ARM
		{01E936A9-17A4-472C-90B7-897D3BFA54EA}.Debug|ARM.Deploy.0 = Debug|ARM
		{01E936A9-17A4-472C-90B7-897D3BFA54EA}.Debug|iPhone.ActiveCfg = Debug|x86
		{01E936A9-17A4-472C-90B7-897D3BFA54EA}.Debug|iPhone.Build.0 = Debug|x86
		{01E936A9-17A4-472C-90B7-897D3BFA54EA}.Debug|iPhone.Deploy.0 = Debug|x86
		{01E936A9-17A4-472C-90B7-897D3BFA54EA}.Debug|iPhoneSimulator.ActiveCfg = Debug|x86
		{01E936A9-17A4-472C-90B7-897D3BFA54EA}.Debug|iPhoneSimulator.Build.0 = Debug|x86
		{01E936A9-17A4-472C-90B7-897D3BFA54EA}.Debug|iPhoneSimulator.Deploy.0 = Debug|x86
		{01E936A9-17A4-472C-90B7-897D3BFA54EA}.Debug|x64.ActiveCfg = Debug|x64
		{01E936A9-17A4-472C-90B7-897D3BFA54EA}.Debug|x64.Build.0 = Debug|x64
		{01E936A9-17A4-472C-90B7-897D3BFA54EA}.Debug|x64.Deploy.0 = Debug|x64
		{01E936A9-17A4-472C-90B7-897D3BFA54EA}.Debug|x86.ActiveCfg = Debug|x86
		{01E936A9-17A4-472C-90B7-897D3BFA54EA}.Debug|x86.Build.0 = Debug|x86
		{01E936A9-17A4-472C-90B7-897D3BFA54EA}.Debug|x86.Deploy.0 = Debug|x86
		{01E936A9-17A4-472C-90B7-897D3BFA54EA}.Release|Any CPU.ActiveCfg = Release|x86
		{01E936A9-17A4-472C-90B7-897D3BFA54EA}.Release|Any CPU.Build.0 = Release|x86
		{01E936A9-17A4-472C-90B7-897D3BFA54EA}.Release|Any CPU.Deploy.0 = Release|x86
		{01E936A9-17A4-472C-90B7-897D3BFA54EA}.Release|ARM.ActiveCfg = Release|ARM
		{01E936A9-17A4-472C-90B7-897D3BFA54EA}.Release|ARM.Build.0 = Release|ARM
		{01E936A9-17A4-472C-90B7-897D3BFA54EA}.Release|ARM.Deploy.0 = Release|ARM
		{01E936A9-17A4-472C-90B7-897D3BFA54EA}.Release|iPhone.ActiveCfg = Release|x86
		{01E936A9-17A4-472C-90B7-897D3BFA54EA}.Release|iPhone.Build.0 = Release|x86
		{01E936A9-17A4-472C-90B7-897D3BFA54EA}.Release|iPhone.Deploy.0 = Release|x86
		{01E936A9-17A4-472C-90B7-897D3BFA54EA}.Release|iPhoneSimulator.ActiveCfg = Release|x86
		{01E936A9-17A4-472C-90B7-897D3BFA54EA}.Release|iPhoneSimulator.Build.0 = Release|x86
		{01E936A9-17A4-472C-90B7-897D3BFA54EA}.Release|iPhoneSimulator.Deploy.0 = Release|x86
		{01E936A9-17A4-472C-90B7-897D3BFA54EA}.Release|x64.ActiveCfg = Release|x64
		{01E936A9-17A4-472C-90B7-897D3BFA54EA}.Release|x64.Build.0 = Release|x64
		{01E936A9-17A4-472C-90B7-897D3BFA54EA}.Release|x64.Deploy.0 = Release|x64
		{01E936A9-17A4-472C-90B7-897D3BFA54EA}.Release|x86.ActiveCfg = Release|x86
		{01E936A9-17A4-472C-90B7-897D3BFA54EA}.Release|x86.Build.0 = Release|x86
		{01E936A9-17A4-472C-90B7-897D3BFA54EA}.Release|x86.Deploy.0 = Release|x86
		{CEEDF3DA-4DEF-4F52-BA4E-A6B7C0F077B7}.Ad-Hoc|Any CPU.ActiveCfg = Debug|Any CPU
		{CEEDF3DA-4DEF-4F52-BA4E-A6B7C0F077B7}.Ad-Hoc|Any CPU.Build.0 = Debug|Any CPU
		{CEEDF3DA-4DEF-4F52-BA4E-A6B7C0F077B7}.Ad-Hoc|Any CPU.Deploy.0 = Debug|Any CPU
		{CEEDF3DA-4DEF-4F52-BA4E-A6B7C0F077B7}.Ad-Hoc|ARM.ActiveCfg = Debug|Any CPU
		{CEEDF3DA-4DEF-4F52-BA4E-A6B7C0F077B7}.Ad-Hoc|ARM.Build.0 = Debug|Any CPU
		{CEEDF3DA-4DEF-4F52-BA4E-A6B7C0F077B7}.Ad-Hoc|ARM.Deploy.0 = Debug|Any CPU
		{CEEDF3DA-4DEF-4F52-BA4E-A6B7C0F077B7}.Ad-Hoc|iPhone.ActiveCfg = Debug|Any CPU
		{CEEDF3DA-4DEF-4F52-BA4E-A6B7C0F077B7}.Ad-Hoc|iPhone.Build.0 = Debug|Any CPU
		{CEEDF3DA-4DEF-4F52-BA4E-A6B7C0F077B7}.Ad-Hoc|iPhone.Deploy.0 = Debug|Any CPU
		{CEEDF3DA-4DEF-4F52-BA4E-A6B7C0F077B7}.Ad-Hoc|iPhoneSimulator.ActiveCfg = Debug|Any CPU
		{CEEDF3DA-4DEF-4F52-BA4E-A6B7C0F077B7}.Ad-Hoc|iPhoneSimulator.Build.0 = Debug|Any CPU
		{CEEDF3DA-4DEF-4F52-BA4E-A6B7C0F077B7}.Ad-Hoc|iPhoneSimulator.Deploy.0 = Debug|Any CPU
		{CEEDF3DA-4DEF-4F52-BA4E-A6B7C0F077B7}.Ad-Hoc|x64.ActiveCfg = Debug|Any CPU
		{CEEDF3DA-4DEF-4F52-BA4E-A6B7C0F077B7}.Ad-Hoc|x64.Build.0 = Debug|Any CPU
		{CEEDF3DA-4DEF-4F52-BA4E-A6B7C0F077B7}.Ad-Hoc|x64.Deploy.0 = Debug|Any CPU
		{CEEDF3DA-4DEF-4F52-BA4E-A6B7C0F077B7}.Ad-Hoc|x86.ActiveCfg = Debug|Any CPU
		{CEEDF3DA-4DEF-4F52-BA4E-A6B7C0F077B7}.Ad-Hoc|x86.Build.0 = Debug|Any CPU
		{CEEDF3DA-4DEF-4F52-BA4E-A6B7C0F077B7}.Ad-Hoc|x86.Deploy.0 = Debug|Any CPU
		{CEEDF3DA-4DEF-4F52-BA4E-A6B7C0F077B7}.AppStore|Any CPU.ActiveCfg = Debug|Any CPU
		{CEEDF3DA-4DEF-4F52-BA4E-A6B7C0F077B7}.AppStore|Any CPU.Build.0 = Debug|Any CPU
		{CEEDF3DA-4DEF-4F52-BA4E-A6B7C0F077B7}.AppStore|Any CPU.Deploy.0 = Debug|Any CPU
		{CEEDF3DA-4DEF-4F52-BA4E-A6B7C0F077B7}.AppStore|ARM.ActiveCfg = Debug|Any CPU
		{CEEDF3DA-4DEF-4F52-BA4E-A6B7C0F077B7}.AppStore|ARM.Build.0 = Debug|Any CPU
		{CEEDF3DA-4DEF-4F52-BA4E-A6B7C0F077B7}.AppStore|ARM.Deploy.0 = Debug|Any CPU
		{CEEDF3DA-4DEF-4F52-BA4E-A6B7C0F077B7}.AppStore|iPhone.ActiveCfg = Debug|Any CPU
		{CEEDF3DA-4DEF-4F52-BA4E-A6B7C0F077B7}.AppStore|iPhone.Build.0 = Debug|Any CPU
		{CEEDF3DA-4DEF-4F52-BA4E-A6B7C0F077B7}.AppStore|iPhone.Deploy.0 = Debug|Any CPU
		{CEEDF3DA-4DEF-4F52-BA4E-A6B7C0F077B7}.AppStore|iPhoneSimulator.ActiveCfg = Debug|Any CPU
		{CEEDF3DA-4DEF-4F52-BA4E-A6B7C0F077B7}.AppStore|iPhoneSimulator.Build.0 = Debug|Any CPU
		{CEEDF3DA-4DEF-4F52-BA4E-A6B7C0F077B7}.AppStore|iPhoneSimulator.Deploy.0 = Debug|Any CPU
		{CEEDF3DA-4DEF-4F52-BA4E-A6B7C0F077B7}.AppStore|x64.ActiveCfg = Debug|Any CPU
		{CEEDF3DA-4DEF-4F52-BA4E-A6B7C0F077B7}.AppStore|x64.Build.0 = Debug|Any CPU
		{CEEDF3DA-4DEF-4F52-BA4E-A6B7C0F077B7}.AppStore|x64.Deploy.0 = Debug|Any CPU
		{CEEDF3DA-4DEF-4F52-BA4E-A6B7C0F077B7}.AppStore|x86.ActiveCfg = Debug|Any CPU
		{CEEDF3DA-4DEF-4F52-BA4E-A6B7C0F077B7}.AppStore|x86.Build.0 = Debug|Any CPU
		{CEEDF3DA-4DEF-4F52-BA4E-A6B7C0F077B7}.AppStore|x86.Deploy.0 = Debug|Any CPU
		{CEEDF3DA-4DEF-4F52-BA4E-A6B7C0F077B7}.Debug|Any CPU.ActiveCfg = Debug|Any CPU
		{CEEDF3DA-4DEF-4F52-BA4E-A6B7C0F077B7}.Debug|Any CPU.Build.0 = Debug|Any CPU
		{CEEDF3DA-4DEF-4F52-BA4E-A6B7C0F077B7}.Debug|Any CPU.Deploy.0 = Debug|Any CPU
		{CEEDF3DA-4DEF-4F52-BA4E-A6B7C0F077B7}.Debug|ARM.ActiveCfg = Debug|Any CPU
		{CEEDF3DA-4DEF-4F52-BA4E-A6B7C0F077B7}.Debug|ARM.Build.0 = Debug|Any CPU
		{CEEDF3DA-4DEF-4F52-BA4E-A6B7C0F077B7}.Debug|ARM.Deploy.0 = Debug|Any CPU
		{CEEDF3DA-4DEF-4F52-BA4E-A6B7C0F077B7}.Debug|iPhone.ActiveCfg = Debug|Any CPU
		{CEEDF3DA-4DEF-4F52-BA4E-A6B7C0F077B7}.Debug|iPhone.Build.0 = Debug|Any CPU
		{CEEDF3DA-4DEF-4F52-BA4E-A6B7C0F077B7}.Debug|iPhone.Deploy.0 = Debug|Any CPU
		{CEEDF3DA-4DEF-4F52-BA4E-A6B7C0F077B7}.Debug|iPhoneSimulator.ActiveCfg = Debug|Any CPU
		{CEEDF3DA-4DEF-4F52-BA4E-A6B7C0F077B7}.Debug|iPhoneSimulator.Build.0 = Debug|Any CPU
		{CEEDF3DA-4DEF-4F52-BA4E-A6B7C0F077B7}.Debug|iPhoneSimulator.Deploy.0 = Debug|Any CPU
		{CEEDF3DA-4DEF-4F52-BA4E-A6B7C0F077B7}.Debug|x64.ActiveCfg = Debug|Any CPU
		{CEEDF3DA-4DEF-4F52-BA4E-A6B7C0F077B7}.Debug|x64.Build.0 = Debug|Any CPU
		{CEEDF3DA-4DEF-4F52-BA4E-A6B7C0F077B7}.Debug|x64.Deploy.0 = Debug|Any CPU
		{CEEDF3DA-4DEF-4F52-BA4E-A6B7C0F077B7}.Debug|x86.ActiveCfg = Debug|Any CPU
		{CEEDF3DA-4DEF-4F52-BA4E-A6B7C0F077B7}.Debug|x86.Build.0 = Debug|Any CPU
		{CEEDF3DA-4DEF-4F52-BA4E-A6B7C0F077B7}.Debug|x86.Deploy.0 = Debug|Any CPU
		{CEEDF3DA-4DEF-4F52-BA4E-A6B7C0F077B7}.Release|Any CPU.ActiveCfg = Release|Any CPU
		{CEEDF3DA-4DEF-4F52-BA4E-A6B7C0F077B7}.Release|Any CPU.Build.0 = Release|Any CPU
		{CEEDF3DA-4DEF-4F52-BA4E-A6B7C0F077B7}.Release|Any CPU.Deploy.0 = Release|Any CPU
		{CEEDF3DA-4DEF-4F52-BA4E-A6B7C0F077B7}.Release|ARM.ActiveCfg = Release|Any CPU
		{CEEDF3DA-4DEF-4F52-BA4E-A6B7C0F077B7}.Release|ARM.Build.0 = Release|Any CPU
		{CEEDF3DA-4DEF-4F52-BA4E-A6B7C0F077B7}.Release|ARM.Deploy.0 = Release|Any CPU
		{CEEDF3DA-4DEF-4F52-BA4E-A6B7C0F077B7}.Release|iPhone.ActiveCfg = Release|Any CPU
		{CEEDF3DA-4DEF-4F52-BA4E-A6B7C0F077B7}.Release|iPhone.Build.0 = Release|Any CPU
		{CEEDF3DA-4DEF-4F52-BA4E-A6B7C0F077B7}.Release|iPhone.Deploy.0 = Release|Any CPU
		{CEEDF3DA-4DEF-4F52-BA4E-A6B7C0F077B7}.Release|iPhoneSimulator.ActiveCfg = Release|Any CPU
		{CEEDF3DA-4DEF-4F52-BA4E-A6B7C0F077B7}.Release|iPhoneSimulator.Build.0 = Release|Any CPU
		{CEEDF3DA-4DEF-4F52-BA4E-A6B7C0F077B7}.Release|iPhoneSimulator.Deploy.0 = Release|Any CPU
		{CEEDF3DA-4DEF-4F52-BA4E-A6B7C0F077B7}.Release|x64.ActiveCfg = Release|Any CPU
		{CEEDF3DA-4DEF-4F52-BA4E-A6B7C0F077B7}.Release|x64.Build.0 = Release|Any CPU
		{CEEDF3DA-4DEF-4F52-BA4E-A6B7C0F077B7}.Release|x64.Deploy.0 = Release|Any CPU
		{CEEDF3DA-4DEF-4F52-BA4E-A6B7C0F077B7}.Release|x86.ActiveCfg = Release|Any CPU
		{CEEDF3DA-4DEF-4F52-BA4E-A6B7C0F077B7}.Release|x86.Build.0 = Release|Any CPU
		{CEEDF3DA-4DEF-4F52-BA4E-A6B7C0F077B7}.Release|x86.Deploy.0 = Release|Any CPU
	EndGlobalSection
	GlobalSection(SolutionProperties) = preSolution
		HideSolutionNode = FALSE
	EndGlobalSection
	GlobalSection(ExtensibilityGlobals) = postSolution
		SolutionGuid = {70C79C64-828D-4941-86BE-9BA6F1D2EDA8}
	EndGlobalSection
EndGlobal
